
Microsoft Visual Studio Solution File, Format Version 12.00
# Visual Studio Version 16
VisualStudioVersion = 16.0.30804.86
MinimumVisualStudioVersion = 10.0.40219.1
Project("{00D1A9C2-B5F0-4AF3-8072-F6C62B433612}") = "MergeScriptGenerator", "MergeScriptGenerator.sqlproj", "{5242036A-EA99-4B64-8675-DB97A2EF8865}"
EndProject
Global
	GlobalSection(SolutionConfigurationPlatforms) = preSolution
		Debug|Any CPU = Debug|Any CPU
		Release|Any CPU = Release|Any CPU
	EndGlobalSection
	GlobalSection(ProjectConfigurationPlatforms) = postSolution
		{5242036A-EA99-4B64-8675-DB97A2EF8865}.Debug|Any CPU.ActiveCfg = Debug|Any CPU
		{5242036A-EA99-4B64-8675-DB97A2EF8865}.Debug|Any CPU.Build.0 = Debug|Any CPU
		{5242036A-EA99-4B64-8675-DB97A2EF8865}.Debug|Any CPU.Deploy.0 = Debug|Any CPU
		{5242036A-EA99-4B64-8675-DB97A2EF8865}.Release|Any CPU.ActiveCfg = Release|Any CPU
		{5242036A-EA99-4B64-8675-DB97A2EF8865}.Release|Any CPU.Build.0 = Release|Any CPU
		{5242036A-EA99-4B64-8675-DB97A2EF8865}.Release|Any CPU.Deploy.0 = Release|Any CPU
	EndGlobalSection
	GlobalSection(SolutionProperties) = preSolution
		HideSolutionNode = FALSE
	EndGlobalSection
	GlobalSection(ExtensibilityGlobals) = postSolution
		SolutionGuid = {00C14D1A-A4F5-4601-B03F-4659344DA4E8}
	EndGlobalSection
EndGlobal
